// !$*UTF8*$!
{
	archiveVersion = 1;
	classes = {
	};
	objectVersion = 50;
	objects = {

/* Begin PBXBuildFile section */
		093E44E646DA9D4E369E6B21 /* Pods_KataLogInLogOutSwiftTests.framework in Frameworks */ = {isa = PBXBuildFile; fileRef = 056D92713CAAA25DE1258B4B /* Pods_KataLogInLogOutSwiftTests.framework */; };
		397BFFECAADAF5B165F3DECB /* Pods_KataLogInLogOutSwift.framework in Frameworks */ = {isa = PBXBuildFile; fileRef = 4BAA28B909C40D6B8EF5FE7D /* Pods_KataLogInLogOutSwift.framework */; };
		EB0999DD215125E600954203 /* AppDelegate.swift in Sources */ = {isa = PBXBuildFile; fileRef = EB0999DC215125E600954203 /* AppDelegate.swift */; };
		EB0999DF215125E600954203 /* ViewController.swift in Sources */ = {isa = PBXBuildFile; fileRef = EB0999DE215125E600954203 /* ViewController.swift */; };
		EB0999E2215125E600954203 /* Main.storyboard in Resources */ = {isa = PBXBuildFile; fileRef = EB0999E0215125E600954203 /* Main.storyboard */; };
		EB0999E4215125E900954203 /* Assets.xcassets in Resources */ = {isa = PBXBuildFile; fileRef = EB0999E3215125E900954203 /* Assets.xcassets */; };
		EB0999E7215125E900954203 /* LaunchScreen.storyboard in Resources */ = {isa = PBXBuildFile; fileRef = EB0999E5215125E900954203 /* LaunchScreen.storyboard */; };
		EB0999F2215125E900954203 /* KataLogInLogOutSwiftTests.swift in Sources */ = {isa = PBXBuildFile; fileRef = EB0999F1215125E900954203 /* KataLogInLogOutSwiftTests.swift */; };
/* End PBXBuildFile section */

/* Begin PBXContainerItemProxy section */
		EB0999EE215125E900954203 /* PBXContainerItemProxy */ = {
			isa = PBXContainerItemProxy;
			containerPortal = EB0999D1215125E600954203 /* Project object */;
			proxyType = 1;
			remoteGlobalIDString = EB0999D8215125E600954203;
			remoteInfo = KataLogInLogOutSwift;
		};
/* End PBXContainerItemProxy section */

/* Begin PBXFileReference section */
		056D92713CAAA25DE1258B4B /* Pods_KataLogInLogOutSwiftTests.framework */ = {isa = PBXFileReference; explicitFileType = wrapper.framework; includeInIndex = 0; path = Pods_KataLogInLogOutSwiftTests.framework; sourceTree = BUILT_PRODUCTS_DIR; };
		4BAA28B909C40D6B8EF5FE7D /* Pods_KataLogInLogOutSwift.framework */ = {isa = PBXFileReference; explicitFileType = wrapper.framework; includeInIndex = 0; path = Pods_KataLogInLogOutSwift.framework; sourceTree = BUILT_PRODUCTS_DIR; };
		5E8A0FA47A080FA0D837D0D7 /* Pods-KataLogInLogOutSwiftTests.release.xcconfig */ = {isa = PBXFileReference; includeInIndex = 1; lastKnownFileType = text.xcconfig; name = "Pods-KataLogInLogOutSwiftTests.release.xcconfig"; path = "Pods/Target Support Files/Pods-KataLogInLogOutSwiftTests/Pods-KataLogInLogOutSwiftTests.release.xcconfig"; sourceTree = "<group>"; };
		947919B6EDDFA9274E570D22 /* Pods-KataLogInLogOutSwift.debug.xcconfig */ = {isa = PBXFileReference; includeInIndex = 1; lastKnownFileType = text.xcconfig; name = "Pods-KataLogInLogOutSwift.debug.xcconfig"; path = "Pods/Target Support Files/Pods-KataLogInLogOutSwift/Pods-KataLogInLogOutSwift.debug.xcconfig"; sourceTree = "<group>"; };
		ACB3F4B422DFA4C5BDC1AE05 /* Pods-KataLogInLogOutSwiftTests.debug.xcconfig */ = {isa = PBXFileReference; includeInIndex = 1; lastKnownFileType = text.xcconfig; name = "Pods-KataLogInLogOutSwiftTests.debug.xcconfig"; path = "Pods/Target Support Files/Pods-KataLogInLogOutSwiftTests/Pods-KataLogInLogOutSwiftTests.debug.xcconfig"; sourceTree = "<group>"; };
		DC1129D3FF129369ED2FAE48 /* Pods-KataLogInLogOutSwift.release.xcconfig */ = {isa = PBXFileReference; includeInIndex = 1; lastKnownFileType = text.xcconfig; name = "Pods-KataLogInLogOutSwift.release.xcconfig"; path = "Pods/Target Support Files/Pods-KataLogInLogOutSwift/Pods-KataLogInLogOutSwift.release.xcconfig"; sourceTree = "<group>"; };
		EB0999D9215125E600954203 /* KataLogInLogOutSwift.app */ = {isa = PBXFileReference; explicitFileType = wrapper.application; includeInIndex = 0; path = KataLogInLogOutSwift.app; sourceTree = BUILT_PRODUCTS_DIR; };
		EB0999DC215125E600954203 /* AppDelegate.swift */ = {isa = PBXFileReference; lastKnownFileType = sourcecode.swift; path = AppDelegate.swift; sourceTree = "<group>"; };
		EB0999DE215125E600954203 /* ViewController.swift */ = {isa = PBXFileReference; lastKnownFileType = sourcecode.swift; path = ViewController.swift; sourceTree = "<group>"; };
		EB0999E1215125E600954203 /* Base */ = {isa = PBXFileReference; lastKnownFileType = file.storyboard; name = Base; path = Base.lproj/Main.storyboard; sourceTree = "<group>"; };
		EB0999E3215125E900954203 /* Assets.xcassets */ = {isa = PBXFileReference; lastKnownFileType = folder.assetcatalog; path = Assets.xcassets; sourceTree = "<group>"; };
		EB0999E6215125E900954203 /* Base */ = {isa = PBXFileReference; lastKnownFileType = file.storyboard; name = Base; path = Base.lproj/LaunchScreen.storyboard; sourceTree = "<group>"; };
		EB0999E8215125E900954203 /* Info.plist */ = {isa = PBXFileReference; lastKnownFileType = text.plist.xml; path = Info.plist; sourceTree = "<group>"; };
		EB0999ED215125E900954203 /* KataLogInLogOutSwiftTests.xctest */ = {isa = PBXFileReference; explicitFileType = wrapper.cfbundle; includeInIndex = 0; path = KataLogInLogOutSwiftTests.xctest; sourceTree = BUILT_PRODUCTS_DIR; };
		EB0999F1215125E900954203 /* KataLogInLogOutSwiftTests.swift */ = {isa = PBXFileReference; lastKnownFileType = sourcecode.swift; path = KataLogInLogOutSwiftTests.swift; sourceTree = "<group>"; };
		EB0999F3215125E900954203 /* Info.plist */ = {isa = PBXFileReference; lastKnownFileType = text.plist.xml; path = Info.plist; sourceTree = "<group>"; };
/* End PBXFileReference section */

/* Begin PBXFrameworksBuildPhase section */
		EB0999D6215125E600954203 /* Frameworks */ = {
			isa = PBXFrameworksBuildPhase;
			buildActionMask = 2147483647;
			files = (
				397BFFECAADAF5B165F3DECB /* Pods_KataLogInLogOutSwift.framework in Frameworks */,
			);
			runOnlyForDeploymentPostprocessing = 0;
		};
		EB0999EA215125E900954203 /* Frameworks */ = {
			isa = PBXFrameworksBuildPhase;
			buildActionMask = 2147483647;
			files = (
				093E44E646DA9D4E369E6B21 /* Pods_KataLogInLogOutSwiftTests.framework in Frameworks */,
			);
			runOnlyForDeploymentPostprocessing = 0;
		};
/* End PBXFrameworksBuildPhase section */

/* Begin PBXGroup section */
		32D5D9D095325B01D9104D95 /* Pods */ = {
			isa = PBXGroup;
			children = (
				947919B6EDDFA9274E570D22 /* Pods-KataLogInLogOutSwift.debug.xcconfig */,
				DC1129D3FF129369ED2FAE48 /* Pods-KataLogInLogOutSwift.release.xcconfig */,
				ACB3F4B422DFA4C5BDC1AE05 /* Pods-KataLogInLogOutSwiftTests.debug.xcconfig */,
				5E8A0FA47A080FA0D837D0D7 /* Pods-KataLogInLogOutSwiftTests.release.xcconfig */,
			);
			name = Pods;
			sourceTree = "<group>";
		};
		451520205FE8E402EABE65A2 /* Frameworks */ = {
			isa = PBXGroup;
			children = (
				4BAA28B909C40D6B8EF5FE7D /* Pods_KataLogInLogOutSwift.framework */,
				056D92713CAAA25DE1258B4B /* Pods_KataLogInLogOutSwiftTests.framework */,
			);
			name = Frameworks;
			sourceTree = "<group>";
		};
		EB0999D0215125E600954203 = {
			isa = PBXGroup;
			children = (
				EB0999DB215125E600954203 /* KataLogInLogOutSwift */,
				EB0999F0215125E900954203 /* KataLogInLogOutSwiftTests */,
				EB0999DA215125E600954203 /* Products */,
				32D5D9D095325B01D9104D95 /* Pods */,
				451520205FE8E402EABE65A2 /* Frameworks */,
			);
			sourceTree = "<group>";
		};
		EB0999DA215125E600954203 /* Products */ = {
			isa = PBXGroup;
			children = (
				EB0999D9215125E600954203 /* KataLogInLogOutSwift.app */,
				EB0999ED215125E900954203 /* KataLogInLogOutSwiftTests.xctest */,
			);
			name = Products;
			sourceTree = "<group>";
		};
		EB0999DB215125E600954203 /* KataLogInLogOutSwift */ = {
			isa = PBXGroup;
			children = (
				EB0999DC215125E600954203 /* AppDelegate.swift */,
				EB0999DE215125E600954203 /* ViewController.swift */,
				EB0999E0215125E600954203 /* Main.storyboard */,
				EB0999E3215125E900954203 /* Assets.xcassets */,
				EB0999E5215125E900954203 /* LaunchScreen.storyboard */,
				EB0999E8215125E900954203 /* Info.plist */,
			);
			path = KataLogInLogOutSwift;
			sourceTree = "<group>";
		};
		EB0999F0215125E900954203 /* KataLogInLogOutSwiftTests */ = {
			isa = PBXGroup;
			children = (
				EB0999F1215125E900954203 /* KataLogInLogOutSwiftTests.swift */,
				EB0999F3215125E900954203 /* Info.plist */,
			);
			path = KataLogInLogOutSwiftTests;
			sourceTree = "<group>";
		};
/* End PBXGroup section */

/* Begin PBXNativeTarget section */
		EB0999D8215125E600954203 /* KataLogInLogOutSwift */ = {
			isa = PBXNativeTarget;
			buildConfigurationList = EB0999F6215125E900954203 /* Build configuration list for PBXNativeTarget "KataLogInLogOutSwift" */;
			buildPhases = (
				A58C97EA0F96570B7F3FE00F /* [CP] Check Pods Manifest.lock */,
				EB0999D5215125E600954203 /* Sources */,
				EB0999D6215125E600954203 /* Frameworks */,
				EB0999D7215125E600954203 /* Resources */,
			);
			buildRules = (
			);
			dependencies = (
			);
			name = KataLogInLogOutSwift;
			productName = KataLogInLogOutSwift;
			productReference = EB0999D9215125E600954203 /* KataLogInLogOutSwift.app */;
			productType = "com.apple.product-type.application";
		};
		EB0999EC215125E900954203 /* KataLogInLogOutSwiftTests */ = {
			isa = PBXNativeTarget;
			buildConfigurationList = EB0999F9215125E900954203 /* Build configuration list for PBXNativeTarget "KataLogInLogOutSwiftTests" */;
			buildPhases = (
				6D5D41B4E2C847D086EA153D /* [CP] Check Pods Manifest.lock */,
				EB0999E9215125E900954203 /* Sources */,
				EB0999EA215125E900954203 /* Frameworks */,
				EB0999EB215125E900954203 /* Resources */,
			);
			buildRules = (
			);
			dependencies = (
				EB0999EF215125E900954203 /* PBXTargetDependency */,
			);
			name = KataLogInLogOutSwiftTests;
			productName = KataLogInLogOutSwiftTests;
			productReference = EB0999ED215125E900954203 /* KataLogInLogOutSwiftTests.xctest */;
			productType = "com.apple.product-type.bundle.unit-test";
		};
/* End PBXNativeTarget section */

/* Begin PBXProject section */
		EB0999D1215125E600954203 /* Project object */ = {
			isa = PBXProject;
			attributes = {
				LastSwiftUpdateCheck = 0940;
				LastUpgradeCheck = 0940;
				ORGANIZATIONNAME = GoKarumi;
				TargetAttributes = {
					EB0999D8215125E600954203 = {
						CreatedOnToolsVersion = 9.4.1;
					};
					EB0999EC215125E900954203 = {
						CreatedOnToolsVersion = 9.4.1;
						TestTargetID = EB0999D8215125E600954203;
					};
				};
			};
			buildConfigurationList = EB0999D4215125E600954203 /* Build configuration list for PBXProject "KataLogInLogOutSwift" */;
			compatibilityVersion = "Xcode 9.3";
			developmentRegion = en;
			hasScannedForEncodings = 0;
			knownRegions = (
				en,
				Base,
			);
			mainGroup = EB0999D0215125E600954203;
			productRefGroup = EB0999DA215125E600954203 /* Products */;
			projectDirPath = "";
			projectRoot = "";
			targets = (
				EB0999D8215125E600954203 /* KataLogInLogOutSwift */,
				EB0999EC215125E900954203 /* KataLogInLogOutSwiftTests */,
			);
		};
/* End PBXProject section */

/* Begin PBXResourcesBuildPhase section */
		EB0999D7215125E600954203 /* Resources */ = {
			isa = PBXResourcesBuildPhase;
			buildActionMask = 2147483647;
			files = (
				EB0999E7215125E900954203 /* LaunchScreen.storyboard in Resources */,
				EB0999E4215125E900954203 /* Assets.xcassets in Resources */,
				EB0999E2215125E600954203 /* Main.storyboard in Resources */,
			);
			runOnlyForDeploymentPostprocessing = 0;
		};
		EB0999EB215125E900954203 /* Resources */ = {
			isa = PBXResourcesBuildPhase;
			buildActionMask = 2147483647;
			files = (
			);
			runOnlyForDeploymentPostprocessing = 0;
		};
/* End PBXResourcesBuildPhase section */

/* Begin PBXShellScriptBuildPhase section */
		6D5D41B4E2C847D086EA153D /* [CP] Check Pods Manifest.lock */ = {
			isa = PBXShellScriptBuildPhase;
			buildActionMask = 2147483647;
			files = (
			);
			inputFileListPaths = (
			);
			inputPaths = (
				"${PODS_PODFILE_DIR_PATH}/Podfile.lock",
				"${PODS_ROOT}/Manifest.lock",
			);
			name = "[CP] Check Pods Manifest.lock";
			outputFileListPaths = (
			);
			outputPaths = (
				"$(DERIVED_FILE_DIR)/Pods-KataLogInLogOutSwiftTests-checkManifestLockResult.txt",
			);
			runOnlyForDeploymentPostprocessing = 0;
			shellPath = /bin/sh;
			shellScript = "diff \"${PODS_PODFILE_DIR_PATH}/Podfile.lock\" \"${PODS_ROOT}/Manifest.lock\" > /dev/null\nif [ $? != 0 ] ; then\n    # print error to STDERR\n    echo \"error: The sandbox is not in sync with the Podfile.lock. Run 'pod install' or update your CocoaPods installation.\" >&2\n    exit 1\nfi\n# This output is used by Xcode 'outputs' to avoid re-running this script phase.\necho \"SUCCESS\" > \"${SCRIPT_OUTPUT_FILE_0}\"\n";
			showEnvVarsInLog = 0;
		};
		A58C97EA0F96570B7F3FE00F /* [CP] Check Pods Manifest.lock */ = {
			isa = PBXShellScriptBuildPhase;
			buildActionMask = 2147483647;
			files = (
			);
			inputFileListPaths = (
			);
			inputPaths = (
				"${PODS_PODFILE_DIR_PATH}/Podfile.lock",
				"${PODS_ROOT}/Manifest.lock",
			);
			name = "[CP] Check Pods Manifest.lock";
			outputFileListPaths = (
			);
			outputPaths = (
				"$(DERIVED_FILE_DIR)/Pods-KataLogInLogOutSwift-checkManifestLockResult.txt",
			);
			runOnlyForDeploymentPostprocessing = 0;
			shellPath = /bin/sh;
			shellScript = "diff \"${PODS_PODFILE_DIR_PATH}/Podfile.lock\" \"${PODS_ROOT}/Manifest.lock\" > /dev/null\nif [ $? != 0 ] ; then\n    # print error to STDERR\n    echo \"error: The sandbox is not in sync with the Podfile.lock. Run 'pod install' or update your CocoaPods installation.\" >&2\n    exit 1\nfi\n# This output is used by Xcode 'outputs' to avoid re-running this script phase.\necho \"SUCCESS\" > \"${SCRIPT_OUTPUT_FILE_0}\"\n";
			showEnvVarsInLog = 0;
		};
/* End PBXShellScriptBuildPhase section */

/* Begin PBXSourcesBuildPhase section */
		EB0999D5215125E600954203 /* Sources */ = {
			isa = PBXSourcesBuildPhase;
			buildActionMask = 2147483647;
			files = (
				EB0999DF215125E600954203 /* ViewController.swift in Sources */,
				EB0999DD215125E600954203 /* AppDelegate.swift in Sources */,
			);
			runOnlyForDeploymentPostprocessing = 0;
		};
		EB0999E9215125E900954203 /* Sources */ = {
			isa = PBXSourcesBuildPhase;
			buildActionMask = 2147483647;
			files = (
				EB0999F2215125E900954203 /* KataLogInLogOutSwiftTests.swift in Sources */,
			);
			runOnlyForDeploymentPostprocessing = 0;
		};
/* End PBXSourcesBuildPhase section */

/* Begin PBXTargetDependency section */
		EB0999EF215125E900954203 /* PBXTargetDependency */ = {
			isa = PBXTargetDependency;
			target = EB0999D8215125E600954203 /* KataLogInLogOutSwift */;
			targetProxy = EB0999EE215125E900954203 /* PBXContainerItemProxy */;
		};
/* End PBXTargetDependency section */

/* Begin PBXVariantGroup section */
		EB0999E0215125E600954203 /* Main.storyboard */ = {
			isa = PBXVariantGroup;
			children = (
				EB0999E1215125E600954203 /* Base */,
			);
			name = Main.storyboard;
			sourceTree = "<group>";
		};
		EB0999E5215125E900954203 /* LaunchScreen.storyboard */ = {
			isa = PBXVariantGroup;
			children = (
				EB0999E6215125E900954203 /* Base */,
			);
			name = LaunchScreen.storyboard;
			sourceTree = "<group>";
		};
/* End PBXVariantGroup section */

/* Begin XCBuildConfiguration section */
		EB0999F4215125E900954203 /* Debug */ = {
			isa = XCBuildConfiguration;
			buildSettings = {
				ALWAYS_SEARCH_USER_PATHS = NO;
				CLANG_ANALYZER_NONNULL = YES;
				CLANG_ANALYZER_NUMBER_OBJECT_CONVERSION = YES_AGGRESSIVE;
				CLANG_CXX_LANGUAGE_STANDARD = "gnu++14";
				CLANG_CXX_LIBRARY = "libc++";
				CLANG_ENABLE_MODULES = YES;
				CLANG_ENABLE_OBJC_ARC = YES;
				CLANG_ENABLE_OBJC_WEAK = YES;
				CLANG_WARN_BLOCK_CAPTURE_AUTORELEASING = YES;
				CLANG_WARN_BOOL_CONVERSION = YES;
				CLANG_WARN_COMMA = YES;
				CLANG_WARN_CONSTANT_CONVERSION = YES;
				CLANG_WARN_DEPRECATED_OBJC_IMPLEMENTATIONS = YES;
				CLANG_WARN_DIRECT_OBJC_ISA_USAGE = YES_ERROR;
				CLANG_WARN_DOCUMENTATION_COMMENTS = YES;
				CLANG_WARN_EMPTY_BODY = YES;
				CLANG_WARN_ENUM_CONVERSION = YES;
				CLANG_WARN_INFINITE_RECURSION = YES;
				CLANG_WARN_INT_CONVERSION = YES;
				CLANG_WARN_NON_LITERAL_NULL_CONVERSION = YES;
				CLANG_WARN_OBJC_IMPLICIT_RETAIN_SELF = YES;
				CLANG_WARN_OBJC_LITERAL_CONVERSION = YES;
				CLANG_WARN_OBJC_ROOT_CLASS = YES_ERROR;
				CLANG_WARN_RANGE_LOOP_ANALYSIS = YES;
				CLANG_WARN_STRICT_PROTOTYPES = YES;
				CLANG_WARN_SUSPICIOUS_MOVE = YES;
				CLANG_WARN_UNGUARDED_AVAILABILITY = YES_AGGRESSIVE;
				CLANG_WARN_UNREACHABLE_CODE = YES;
				CLANG_WARN__DUPLICATE_METHOD_MATCH = YES;
				CODE_SIGN_IDENTITY = "iPhone Developer";
				COPY_PHASE_STRIP = NO;
				DEBUG_INFORMATION_FORMAT = dwarf;
				ENABLE_STRICT_OBJC_MSGSEND = YES;
				ENABLE_TESTABILITY = YES;
				GCC_C_LANGUAGE_STANDARD = gnu11;
				GCC_DYNAMIC_NO_PIC = NO;
				GCC_NO_COMMON_BLOCKS = YES;
				GCC_OPTIMIZATION_LEVEL = 0;
				GCC_PREPROCESSOR_DEFINITIONS = (
					"DEBUG=1",
					"$(inherited)",
				);
				GCC_WARN_64_TO_32_BIT_CONVERSION = YES;
				GCC_WARN_ABOUT_RETURN_TYPE = YES_ERROR;
				GCC_WARN_UNDECLARED_SELECTOR = YES;
				GCC_WARN_UNINITIALIZED_AUTOS = YES_AGGRESSIVE;
				GCC_WARN_UNUSED_FUNCTION = YES;
				GCC_WARN_UNUSED_VARIABLE = YES;
				IPHONEOS_DEPLOYMENT_TARGET = 11.4;
				MTL_ENABLE_DEBUG_INFO = YES;
				ONLY_ACTIVE_ARCH = YES;
				SDKROOT = iphoneos;
				SWIFT_ACTIVE_COMPILATION_CONDITIONS = DEBUG;
				SWIFT_OPTIMIZATION_LEVEL = "-Onone";
			};
			name = Debug;
		};
		EB0999F5215125E900954203 /* Release */ = {
			isa = XCBuildConfiguration;
			buildSettings = {
				ALWAYS_SEARCH_USER_PATHS = NO;
				CLANG_ANALYZER_NONNULL = YES;
				CLANG_ANALYZER_NUMBER_OBJECT_CONVERSION = YES_AGGRESSIVE;
				CLANG_CXX_LANGUAGE_STANDARD = "gnu++14";
				CLANG_CXX_LIBRARY = "libc++";
				CLANG_ENABLE_MODULES = YES;
				CLANG_ENABLE_OBJC_ARC = YES;
				CLANG_ENABLE_OBJC_WEAK = YES;
				CLANG_WARN_BLOCK_CAPTURE_AUTORELEASING = YES;
				CLANG_WARN_BOOL_CONVERSION = YES;
				CLANG_WARN_COMMA = YES;
				CLANG_WARN_CONSTANT_CONVERSION = YES;
				CLANG_WARN_DEPRECATED_OBJC_IMPLEMENTATIONS = YES;
				CLANG_WARN_DIRECT_OBJC_ISA_USAGE = YES_ERROR;
				CLANG_WARN_DOCUMENTATION_COMMENTS = YES;
				CLANG_WARN_EMPTY_BODY = YES;
				CLANG_WARN_ENUM_CONVERSION = YES;
				CLANG_WARN_INFINITE_RECURSION = YES;
				CLANG_WARN_INT_CONVERSION = YES;
				CLANG_WARN_NON_LITERAL_NULL_CONVERSION = YES;
				CLANG_WARN_OBJC_IMPLICIT_RETAIN_SELF = YES;
				CLANG_WARN_OBJC_LITERAL_CONVERSION = YES;
				CLANG_WARN_OBJC_ROOT_CLASS = YES_ERROR;
				CLANG_WARN_RANGE_LOOP_ANALYSIS = YES;
				CLANG_WARN_STRICT_PROTOTYPES = YES;
				CLANG_WARN_SUSPICIOUS_MOVE = YES;
				CLANG_WARN_UNGUARDED_AVAILABILITY = YES_AGGRESSIVE;
				CLANG_WARN_UNREACHABLE_CODE = YES;
				CLANG_WARN__DUPLICATE_METHOD_MATCH = YES;
				CODE_SIGN_IDENTITY = "iPhone Developer";
				COPY_PHASE_STRIP = NO;
				DEBUG_INFORMATION_FORMAT = "dwarf-with-dsym";
				ENABLE_NS_ASSERTIONS = NO;
				ENABLE_STRICT_OBJC_MSGSEND = YES;
				GCC_C_LANGUAGE_STANDARD = gnu11;
				GCC_NO_COMMON_BLOCKS = YES;
				GCC_WARN_64_TO_32_BIT_CONVERSION = YES;
				GCC_WARN_ABOUT_RETURN_TYPE = YES_ERROR;
				GCC_WARN_UNDECLARED_SELECTOR = YES;
				GCC_WARN_UNINITIALIZED_AUTOS = YES_AGGRESSIVE;
				GCC_WARN_UNUSED_FUNCTION = YES;
				GCC_WARN_UNUSED_VARIABLE = YES;
				IPHONEOS_DEPLOYMENT_TARGET = 11.4;
				MTL_ENABLE_DEBUG_INFO = NO;
				SDKROOT = iphoneos;
				SWIFT_COMPILATION_MODE = wholemodule;
				SWIFT_OPTIMIZATION_LEVEL = "-O";
				VALIDATE_PRODUCT = YES;
			};
			name = Release;
		};
		EB0999F7215125E900954203 /* Debug */ = {
			isa = XCBuildConfiguration;
			baseConfigurationReference = 947919B6EDDFA9274E570D22 /* Pods-KataLogInLogOutSwift.debug.xcconfig */;
			buildSettings = {
				ASSETCATALOG_COMPILER_APPICON_NAME = AppIcon;
				CODE_SIGN_STYLE = Automatic;
				INFOPLIST_FILE = KataLogInLogOutSwift/Info.plist;
				LD_RUNPATH_SEARCH_PATHS = (
					"$(inherited)",
					"@executable_path/Frameworks",
				);
				PRODUCT_BUNDLE_IDENTIFIER = com.karumi.kataloginlogout;
				PRODUCT_NAME = "$(TARGET_NAME)";
				SWIFT_VERSION = 4.0;
				TARGETED_DEVICE_FAMILY = "1,2";
			};
			name = Debug;
		};
		EB0999F8215125E900954203 /* Release */ = {
			isa = XCBuildConfiguration;
			baseConfigurationReference = DC1129D3FF129369ED2FAE48 /* Pods-KataLogInLogOutSwift.release.xcconfig */;
			buildSettings = {
				ASSETCATALOG_COMPILER_APPICON_NAME = AppIcon;
				CODE_SIGN_STYLE = Automatic;
				INFOPLIST_FILE = KataLogInLogOutSwift/Info.plist;
				LD_RUNPATH_SEARCH_PATHS = (
					"$(inherited)",
					"@executable_path/Frameworks",
				);
				PRODUCT_BUNDLE_IDENTIFIER = com.karumi.kataloginlogout;
				PRODUCT_NAME = "$(TARGET_NAME)";
				SWIFT_VERSION = 4.0;
				TARGETED_DEVICE_FAMILY = "1,2";
			};
			name = Release;
		};
		EB0999FA215125E900954203 /* Debug */ = {
			isa = XCBuildConfiguration;
			baseConfigurationReference = ACB3F4B422DFA4C5BDC1AE05 /* Pods-KataLogInLogOutSwiftTests.debug.xcconfig */;
			buildSettings = {
				ALWAYS_EMBED_SWIFT_STANDARD_LIBRARIES = YES;
				BUNDLE_LOADER = "$(TEST_HOST)";
				CODE_SIGN_STYLE = Automatic;
				INFOPLIST_FILE = KataLogInLogOutSwiftTests/Info.plist;
				LD_RUNPATH_SEARCH_PATHS = (
					"$(inherited)",
					"@executable_path/Frameworks",
					"@loader_path/Frameworks",
				);
				PRODUCT_BUNDLE_IDENTIFIER = com.karumi.KataLogInLogOutSwiftTests;
				PRODUCT_NAME = "$(TARGET_NAME)";
				SWIFT_VERSION = 4.0;
				TARGETED_DEVICE_FAMILY = "1,2";
				TEST_HOST = "$(BUILT_PRODUCTS_DIR)/KataLogInLogOutSwift.app/KataLogInLogOutSwift";
			};
			name = Debug;
		};
		EB0999FB215125E900954203 /* Release */ = {
			isa = XCBuildConfiguration;
			baseConfigurationReference = 5E8A0FA47A080FA0D837D0D7 /* Pods-KataLogInLogOutSwiftTests.release.xcconfig */;
			buildSettings = {
				ALWAYS_EMBED_SWIFT_STANDARD_LIBRARIES = YES;
				BUNDLE_LOADER = "$(TEST_HOST)";
				CODE_SIGN_STYLE = Automatic;
				INFOPLIST_FILE = KataLogInLogOutSwiftTests/Info.plist;
				LD_RUNPATH_SEARCH_PATHS = (
					"$(inherited)",
					"@executable_path/Frameworks",
					"@loader_path/Frameworks",
				);
				PRODUCT_BUNDLE_IDENTIFIER = com.karumi.KataLogInLogOutSwiftTests;
				PRODUCT_NAME = "$(TARGET_NAME)";
				SWIFT_VERSION = 4.0;
				TARGETED_DEVICE_FAMILY = "1,2";
				TEST_HOST = "$(BUILT_PRODUCTS_DIR)/KataLogInLogOutSwift.app/KataLogInLogOutSwift";
			};
			name = Release;
		};
/* End XCBuildConfiguration section */

/* Begin XCConfigurationList section */
		EB0999D4215125E600954203 /* Build configuration list for PBXProject "KataLogInLogOutSwift" */ = {
			isa = XCConfigurationList;
			buildConfigurations = (
				EB0999F4215125E900954203 /* Debug */,
				EB0999F5215125E900954203 /* Release */,
			);
			defaultConfigurationIsVisible = 0;
			defaultConfigurationName = Release;
		};
		EB0999F6215125E900954203 /* Build configuration list for PBXNativeTarget "KataLogInLogOutSwift" */ = {
			isa = XCConfigurationList;
			buildConfigurations = (
				EB0999F7215125E900954203 /* Debug */,
				EB0999F8215125E900954203 /* Release */,
			);
			defaultConfigurationIsVisible = 0;
			defaultConfigurationName = Release;
		};
		EB0999F9215125E900954203 /* Build configuration list for PBXNativeTarget "KataLogInLogOutSwiftTests" */ = {
			isa = XCConfigurationList;
			buildConfigurations = (
				EB0999FA215125E900954203 /* Debug */,
				EB0999FB215125E900954203 /* Release */,
			);
			defaultConfigurationIsVisible = 0;
			defaultConfigurationName = Release;
		};
/* End XCConfigurationList section */
	};
	rootObject = EB0999D1215125E600954203 /* Project object */;
}
