PODS:
  - BrightFutures (7.0.0):
    - Result (~> 4.0.0)
  - Nimble (7.3.2)
  - Result (4.0.1)

DEPENDENCIES:
  - BrightFutures
  - Nimble

SPEC REPOS:
  https://github.com/cocoapods/specs.git:
    - BrightFutures
    - Nimble
    - Result

SPEC CHECKSUMS:
  BrightFutures: 7d7436e937dfc83d814c11920f157fc2a53f5bd5
  Nimble: 5e94a8cacb355943c6c87198035dc4adbb0f10e4
  Result: a6e784bebf48b471d59cddc1adb81f41f678c487

PODFILE CHECKSUM: 51950b50df2db4614d90a9f3956e735e40683877

COCOAPODS: 1.5.3
